{
  "version": 4,
  "terraform_version": "1.0.9",
  "serial": 9,
  "lineage": "46e2fdaf-ba33-8138-159e-410b68658080",
  "outputs": {},
  "resources": [
    {
      "module": "module.resource-group",
      "mode": "managed",
      "type": "azurerm_resource_group",
      "name": "rg",
      "provider": "provider[\"registry.terraform.io/hashicorp/azurerm\"]",
      "instances": [
        {
          "index_key": "my-windows-rg",
          "schema_version": 0,
          "attributes": {
            "id": "/subscriptions/e7c5ee2d-c4a6-4f6c-86e6-09172501d1b3/resourceGroups/my-windows-rg",
            "location": "canadacentral",
            "name": "my-windows-rg",
            "tags": {
              "CostCenter": "C9999",
              "Description": "Windows Infrastructure",
              "Owner": "cybergavin",
              "Provisioner": "Terraform"
            },
            "timeouts": null
          },
          "sensitive_attributes": [],
          "private": "eyJlMmJmYjczMC1lY2FhLTExZTYtOGY4OC0zNDM2M2JjN2M0YzAiOnsiY3JlYXRlIjo1NDAwMDAwMDAwMDAwLCJkZWxldGUiOjU0MDAwMDAwMDAwMDAsInJlYWQiOjMwMDAwMDAwMDAwMCwidXBkYXRlIjo1NDAwMDAwMDAwMDAwfX0="
        },
        {
          "index_key": "rg-test",
          "schema_version": 0,
          "attributes": {
            "id": "/subscriptions/e7c5ee2d-c4a6-4f6c-86e6-09172501d1b3/resourceGroups/rg-test",
            "location": "australiaeast",
            "name": "rg-test",
            "tags": {
              "Provisioner": "Terraform"
            },
            "timeouts": null
          },
          "sensitive_attributes": [],
          "private": "eyJlMmJmYjczMC1lY2FhLTExZTYtOGY4OC0zNDM2M2JjN2M0YzAiOnsiY3JlYXRlIjo1NDAwMDAwMDAwMDAwLCJkZWxldGUiOjU0MDAwMDAwMDAwMDAsInJlYWQiOjMwMDAwMDAwMDAwMCwidXBkYXRlIjo1NDAwMDAwMDAwMDAwfX0="
        }
      ]
    }
  ]
}
